github.com/nunocoracao/blowfish/v2 v2.31.1 h1:RQVLekPmrITToVWxD+Wy6DNEAwVNhQUiFqdse96TDxY=
github.com/nunocoracao/blowfish/v2 v2.31.1/go.mod h1:4SkMc+Ht8gpQCwArqiHMBDP3soxi2OWuAhVney+cuyk=
github.com/nunocoracao/blowfish/v2 v2.31.2 h1:TVKk0RM5pdVaQLN30/A/kITk9ybE85WPa5LukjI/Bjg=
github.com/nunocoracao/blowfish/v2 v2.31.2/go.mod h1:4SkMc+Ht8gpQCwArqiHMBDP3soxi2OWuAhVney+cuyk=
github.com/nunocoracao/blowfish/v2 v2.31.3 h1:LJiiypMHW8pJ4tnO38rFrViVqEVQL+HZ7EC6jNtvGFE=
github.com/nunocoracao/blowfish/v2 v2.31.3/go.mod h1:4SkMc+Ht8gpQCwArqiHMBDP3soxi2OWuAhVney+cuyk=
