github.com/nunocoracao/blowfish/v2 v2.30.0 h1:CqP/2k/viLis68WWsvsqpdtk7Mj5iWpejOGFdKbPrhc=
github.com/nunocoracao/blowfish/v2 v2.30.0/go.mod h1:4SkMc+Ht8gpQCwArqiHMBDP3soxi2OWuAhVney+cuyk=
github.com/nunocoracao/blowfish/v2 v2.31.1 h1:RQVLekPmrITToVWxD+Wy6DNEAwVNhQUiFqdse96TDxY=
github.com/nunocoracao/blowfish/v2 v2.31.1/go.mod h1:4SkMc+Ht8gpQCwArqiHMBDP3soxi2OWuAhVney+cuyk=
